
Microsoft Visual Studio Solution File, Format Version 12.00
# Visual Studio Express 2012 for Web
Project("{FAE04EC0-301F-11D3-BF4B-00C04F79EFBC}") = "net.tkglaser.demos", "net.tkglaser.demos\net.tkglaser.demos.csproj", "{5C0CB4CF-63A8-4842-A99B-3F45CD6BD18C}"
EndProject
Global
	GlobalSection(SolutionConfigurationPlatforms) = preSolution
		Debug|Any CPU = Debug|Any CPU
		Release|Any CPU = Release|Any CPU
	EndGlobalSection
	GlobalSection(ProjectConfigurationPlatforms) = postSolution
		{5C0CB4CF-63A8-4842-A99B-3F45CD6BD18C}.Debug|Any CPU.ActiveCfg = Debug|Any CPU
		{5C0CB4CF-63A8-4842-A99B-3F45CD6BD18C}.Debug|Any CPU.Build.0 = Debug|Any CPU
		{5C0CB4CF-63A8-4842-A99B-3F45CD6BD18C}.Release|Any CPU.ActiveCfg = Release|Any CPU
		{5C0CB4CF-63A8-4842-A99B-3F45CD6BD18C}.Release|Any CPU.Build.0 = Release|Any CPU
	EndGlobalSection
	GlobalSection(SolutionProperties) = preSolution
		HideSolutionNode = FALSE
	EndGlobalSection
EndGlobal
