
Microsoft Visual Studio Solution File, Format Version 12.00
# Visual Studio Express 2012 for Web
Project("{FAE04EC0-301F-11D3-BF4B-00C04F79EFBC}") = "net.tkglaser.demos", "net.tkglaser.demos\net.tkglaser.demos.csproj", "{145CE1E1-28E8-419E-85BA-8588E515FBBD}"
EndProject
Global
	GlobalSection(SolutionConfigurationPlatforms) = preSolution
		Debug|Any CPU = Debug|Any CPU
		Release|Any CPU = Release|Any CPU
	EndGlobalSection
	GlobalSection(ProjectConfigurationPlatforms) = postSolution
		{145CE1E1-28E8-419E-85BA-8588E515FBBD}.Debug|Any CPU.ActiveCfg = Debug|Any CPU
		{145CE1E1-28E8-419E-85BA-8588E515FBBD}.Debug|Any CPU.Build.0 = Debug|Any CPU
		{145CE1E1-28E8-419E-85BA-8588E515FBBD}.Release|Any CPU.ActiveCfg = Release|Any CPU
		{145CE1E1-28E8-419E-85BA-8588E515FBBD}.Release|Any CPU.Build.0 = Release|Any CPU
	EndGlobalSection
	GlobalSection(SolutionProperties) = preSolution
		HideSolutionNode = FALSE
	EndGlobalSection
EndGlobal
